PODS:
  - Flutter (1.0.0)
  - flutter_line_login (0.0.1):
    - Flutter
    - LineSDK (~> 4.1.0)
  - LineSDK (4.1.1)

DEPENDENCIES:
  - Flutter (from `.symlinks/flutter/ios`)
  - flutter_line_login (from `.symlinks/plugins/flutter_line_login/ios`)

SPEC REPOS:
  https://github.com/cocoapods/specs.git:
    - LineSDK

EXTERNAL SOURCES:
  Flutter:
    :path: ".symlinks/flutter/ios"
  flutter_line_login:
    :path: ".symlinks/plugins/flutter_line_login/ios"

SPEC CHECKSUMS:
  Flutter: 9d0fac939486c9aba2809b7982dfdbb47a7b0296
  flutter_line_login: fa600b1be3a4d9f5c0705f60bf0acfae18279c0f
  LineSDK: 4d0a483f5435e911911810476717417669b5b178

PODFILE CHECKSUM: 1e5af4103afd21ca5ead147d7b81d06f494f51a2

COCOAPODS: 1.5.2
